
Microsoft Visual Studio Solution File, Format Version 10.00
# Visual Studio 2008
# SharpDevelop 3.1.1.5327
Project("{FAE04EC0-301F-11D3-BF4B-00C04F79EFBC}") = "TDMakerGUI", "TDMakerGUI\TDMakerGUI.csproj", "{F3519E2C-4C9F-4EED-8EDA-78FED87BC10F}"
EndProject
Project("{FAE04EC0-301F-11D3-BF4B-00C04F79EFBC}") = "TDMakerLib", "TDMakerLib\TDMakerLib.csproj", "{6023302C-5D3C-494A-B7D1-95A0BED8CA22}"
EndProject
Project("{FAE04EC0-301F-11D3-BF4B-00C04F79EFBC}") = "TDMakerCLI", "TDMakerCLI\TDMakerCLI.csproj", "{A6AD6352-B867-43D4-85F5-BA7FE78ADFBB}"
EndProject
Project("{2150E333-8FDC-42A3-9474-1A3956D46DE8}") = "Lib", "Lib", "{515B3AAB-EB9E-47A4-80AD-0AE6E2FF17FD}"
	ProjectSection(SolutionItems) = preProject
		Lib\DavuxLib.dll = Lib\DavuxLib.dll
		Lib\Microsoft.WindowsAPICodePack.dll = Lib\Microsoft.WindowsAPICodePack.dll
		Lib\Microsoft.WindowsAPICodePack.Shell.dll = Lib\Microsoft.WindowsAPICodePack.Shell.dll
		Lib\MonoTorrent.dll = Lib\MonoTorrent.dll
		Lib\taglib-sharp.dll = Lib\taglib-sharp.dll
		Lib\ZSS.UpdateCheckerLib.dll = Lib\ZSS.UpdateCheckerLib.dll
		Lib\UploadersLib.dll = Lib\UploadersLib.dll
	EndProjectSection
EndProject
Project("{2150E333-8FDC-42A3-9474-1A3956D46DE8}") = "32-bit", "32-bit", "{C15DC8C7-86D8-4F17-9370-8098EF188559}"
	ProjectSection(SolutionItems) = preProject
		Lib\32-bit\MediaInfo.dll = Lib\32-bit\MediaInfo.dll
	EndProjectSection
EndProject
Project("{2150E333-8FDC-42A3-9474-1A3956D46DE8}") = "64-bit", "64-bit", "{865B91A1-6C9E-4668-A3C8-8962DEF78DDA}"
	ProjectSection(SolutionItems) = preProject
		Lib\64-bit\MediaInfo.dll = Lib\64-bit\MediaInfo.dll
	EndProjectSection
EndProject
Global
	GlobalSection(SubversionScc) = preSolution
		Svn-Managed = True
		Manager = AnkhSVN - Subversion Support for Visual Studio
	EndGlobalSection
	GlobalSection(SolutionConfigurationPlatforms) = preSolution
		Debug|Any CPU = Debug|Any CPU
		Debug|x86 = Debug|x86
		Inno|Any CPU = Inno|Any CPU
		Inno|x86 = Inno|x86
		Release|Any CPU = Release|Any CPU
		Release|x86 = Release|x86
	EndGlobalSection
	GlobalSection(ProjectConfigurationPlatforms) = postSolution
		{F3519E2C-4C9F-4EED-8EDA-78FED87BC10F}.Debug|Any CPU.ActiveCfg = Debug|Any CPU
		{F3519E2C-4C9F-4EED-8EDA-78FED87BC10F}.Debug|Any CPU.Build.0 = Debug|Any CPU
		{F3519E2C-4C9F-4EED-8EDA-78FED87BC10F}.Debug|x86.ActiveCfg = Debug|Any CPU
		{F3519E2C-4C9F-4EED-8EDA-78FED87BC10F}.Inno|Any CPU.ActiveCfg = Release|Any CPU
		{F3519E2C-4C9F-4EED-8EDA-78FED87BC10F}.Inno|Any CPU.Build.0 = Release|Any CPU
		{F3519E2C-4C9F-4EED-8EDA-78FED87BC10F}.Inno|x86.ActiveCfg = Release|Any CPU
		{F3519E2C-4C9F-4EED-8EDA-78FED87BC10F}.Release|Any CPU.ActiveCfg = Release|Any CPU
		{F3519E2C-4C9F-4EED-8EDA-78FED87BC10F}.Release|Any CPU.Build.0 = Release|Any CPU
		{F3519E2C-4C9F-4EED-8EDA-78FED87BC10F}.Release|x86.ActiveCfg = Release|Any CPU
		{6023302C-5D3C-494A-B7D1-95A0BED8CA22}.Debug|Any CPU.ActiveCfg = Debug|Any CPU
		{6023302C-5D3C-494A-B7D1-95A0BED8CA22}.Debug|Any CPU.Build.0 = Debug|Any CPU
		{6023302C-5D3C-494A-B7D1-95A0BED8CA22}.Debug|x86.ActiveCfg = Debug|Any CPU
		{6023302C-5D3C-494A-B7D1-95A0BED8CA22}.Inno|Any CPU.ActiveCfg = Release|Any CPU
		{6023302C-5D3C-494A-B7D1-95A0BED8CA22}.Inno|Any CPU.Build.0 = Release|Any CPU
		{6023302C-5D3C-494A-B7D1-95A0BED8CA22}.Inno|x86.ActiveCfg = Release|Any CPU
		{6023302C-5D3C-494A-B7D1-95A0BED8CA22}.Release|Any CPU.ActiveCfg = Release|Any CPU
		{6023302C-5D3C-494A-B7D1-95A0BED8CA22}.Release|Any CPU.Build.0 = Release|Any CPU
		{6023302C-5D3C-494A-B7D1-95A0BED8CA22}.Release|x86.ActiveCfg = Release|Any CPU
		{A6AD6352-B867-43D4-85F5-BA7FE78ADFBB}.Debug|Any CPU.ActiveCfg = Debug|Any CPU
		{A6AD6352-B867-43D4-85F5-BA7FE78ADFBB}.Debug|Any CPU.Build.0 = Debug|Any CPU
		{A6AD6352-B867-43D4-85F5-BA7FE78ADFBB}.Debug|x86.ActiveCfg = Debug|Any CPU
		{A6AD6352-B867-43D4-85F5-BA7FE78ADFBB}.Inno|Any CPU.ActiveCfg = Release|Any CPU
		{A6AD6352-B867-43D4-85F5-BA7FE78ADFBB}.Inno|Any CPU.Build.0 = Release|Any CPU
		{A6AD6352-B867-43D4-85F5-BA7FE78ADFBB}.Inno|x86.ActiveCfg = Release|Any CPU
		{A6AD6352-B867-43D4-85F5-BA7FE78ADFBB}.Release|Any CPU.ActiveCfg = Release|Any CPU
		{A6AD6352-B867-43D4-85F5-BA7FE78ADFBB}.Release|Any CPU.Build.0 = Release|Any CPU
		{A6AD6352-B867-43D4-85F5-BA7FE78ADFBB}.Release|x86.ActiveCfg = Release|Any CPU
		{A6AD6352-B867-43D4-85F5-BA7FE78ADFBB}.Debug|x86.Build.0 = Debug|x86
		{A6AD6352-B867-43D4-85F5-BA7FE78ADFBB}.Inno|x86.Build.0 = Inno|x86
		{A6AD6352-B867-43D4-85F5-BA7FE78ADFBB}.Release|x86.Build.0 = Release|x86
		{6023302C-5D3C-494A-B7D1-95A0BED8CA22}.Debug|x86.Build.0 = Debug|x86
		{6023302C-5D3C-494A-B7D1-95A0BED8CA22}.Inno|x86.Build.0 = Inno|x86
		{6023302C-5D3C-494A-B7D1-95A0BED8CA22}.Release|x86.Build.0 = Release|x86
		{F3519E2C-4C9F-4EED-8EDA-78FED87BC10F}.Debug|x86.Build.0 = Debug|x86
		{F3519E2C-4C9F-4EED-8EDA-78FED87BC10F}.Inno|x86.Build.0 = Inno|x86
		{F3519E2C-4C9F-4EED-8EDA-78FED87BC10F}.Release|x86.Build.0 = Release|x86
	EndGlobalSection
	GlobalSection(SolutionProperties) = preSolution
		HideSolutionNode = FALSE
	EndGlobalSection
	GlobalSection(NestedProjects) = preSolution
		{865B91A1-6C9E-4668-A3C8-8962DEF78DDA} = {515B3AAB-EB9E-47A4-80AD-0AE6E2FF17FD}
		{C15DC8C7-86D8-4F17-9370-8098EF188559} = {515B3AAB-EB9E-47A4-80AD-0AE6E2FF17FD}
	EndGlobalSection
EndGlobal
